
Microsoft Visual Studio Solution File, Format Version 12.00
# Visual Studio Version 16
VisualStudioVersion = 16.0.30309.148
MinimumVisualStudioVersion = 10.0.40219.1
Project("{FAE04EC0-301F-11D3-BF4B-00C04F79EFBC}") = "CSharp_1", "CSharp_1\CSharp_1.csproj", "{6DFDF3A6-04DF-4E3C-BEF9-5EAABDED8F01}"
EndProject
Global
	GlobalSection(SolutionConfigurationPlatforms) = preSolution
		Debug|Any CPU = Debug|Any CPU
		Release|Any CPU = Release|Any CPU
	EndGlobalSection
	GlobalSection(ProjectConfigurationPlatforms) = postSolution
		{6DFDF3A6-04DF-4E3C-BEF9-5EAABDED8F01}.Debug|Any CPU.ActiveCfg = Debug|Any CPU
		{6DFDF3A6-04DF-4E3C-BEF9-5EAABDED8F01}.Debug|Any CPU.Build.0 = Debug|Any CPU
		{6DFDF3A6-04DF-4E3C-BEF9-5EAABDED8F01}.Release|Any CPU.ActiveCfg = Release|Any CPU
		{6DFDF3A6-04DF-4E3C-BEF9-5EAABDED8F01}.Release|Any CPU.Build.0 = Release|Any CPU
	EndGlobalSection
	GlobalSection(SolutionProperties) = preSolution
		HideSolutionNode = FALSE
	EndGlobalSection
	GlobalSection(ExtensibilityGlobals) = postSolution
		SolutionGuid = {953407D4-EBF1-4D71-AD04-977CBE7F4A65}
	EndGlobalSection
EndGlobal
