
Microsoft Visual Studio Solution File, Format Version 12.00
# Visual Studio Version 16
VisualStudioVersion = 16.0.30309.148
MinimumVisualStudioVersion = 10.0.40219.1
Project("{FAE04EC0-301F-11D3-BF4B-00C04F79EFBC}") = "Csharp3", "Csharp3\Csharp3.csproj", "{2694132C-3244-4100-802E-D659E4F3F469}"
EndProject
Project("{FAE04EC0-301F-11D3-BF4B-00C04F79EFBC}") = "Misl_Csharp3", "Misl_Csharp3\Misl_Csharp3.csproj", "{F2E2C5F5-A1E2-4E14-BC1F-607EDAEF8C5E}"
EndProject
Global
	GlobalSection(SolutionConfigurationPlatforms) = preSolution
		Debug|Any CPU = Debug|Any CPU
		Release|Any CPU = Release|Any CPU
	EndGlobalSection
	GlobalSection(ProjectConfigurationPlatforms) = postSolution
		{2694132C-3244-4100-802E-D659E4F3F469}.Debug|Any CPU.ActiveCfg = Debug|Any CPU
		{2694132C-3244-4100-802E-D659E4F3F469}.Debug|Any CPU.Build.0 = Debug|Any CPU
		{2694132C-3244-4100-802E-D659E4F3F469}.Release|Any CPU.ActiveCfg = Release|Any CPU
		{2694132C-3244-4100-802E-D659E4F3F469}.Release|Any CPU.Build.0 = Release|Any CPU
		{F2E2C5F5-A1E2-4E14-BC1F-607EDAEF8C5E}.Debug|Any CPU.ActiveCfg = Debug|Any CPU
		{F2E2C5F5-A1E2-4E14-BC1F-607EDAEF8C5E}.Debug|Any CPU.Build.0 = Debug|Any CPU
		{F2E2C5F5-A1E2-4E14-BC1F-607EDAEF8C5E}.Release|Any CPU.ActiveCfg = Release|Any CPU
		{F2E2C5F5-A1E2-4E14-BC1F-607EDAEF8C5E}.Release|Any CPU.Build.0 = Release|Any CPU
	EndGlobalSection
	GlobalSection(SolutionProperties) = preSolution
		HideSolutionNode = FALSE
	EndGlobalSection
	GlobalSection(ExtensibilityGlobals) = postSolution
		SolutionGuid = {F156ED60-2E3A-4B76-B422-EC3AD3822783}
	EndGlobalSection
EndGlobal
